dependencies:
  classnames: registry.npmjs.org/classnames/2.3.1
  react: registry.npmjs.org/react/16.13.1
  react-dom: registry.npmjs.org/react-dom/16.13.1_react@16.13.1
lockfileVersion: 5.2
packages:
  registry.npmjs.org/classnames/2.3.1:
    dev: false
    name: classnames
    resolution:
      integrity: sha512-OlQdbZ7gLfGarSqxesMesDa5uz7KFbID8Kpq/SxIoNGDqY8lSYs0D+hhtBXhcdB3rcbXArFr7vlHheLk1voeNA==
      registry: https://node.bit.dev/
      tarball: https://registry.npmjs.org/classnames/-/classnames-2.3.1.tgz
    version: 2.3.1
  registry.npmjs.org/js-tokens/4.0.0:
    dev: false
    name: js-tokens
    resolution:
      integrity: sha512-RdJUflcE3cUzKiMqQgsCu06FPu9UdIJO0beYbPhHN4k6apgJtifcoCtT9bcxOpYBtpD2kCM6Sbzg4CausW/PKQ==
      registry: https://node.bit.dev/
      tarball: https://registry.npmjs.org/js-tokens/-/js-tokens-4.0.0.tgz
    version: 4.0.0
  registry.npmjs.org/loose-envify/1.4.0:
    dependencies:
      js-tokens: registry.npmjs.org/js-tokens/4.0.0
    dev: false
    hasBin: true
    name: loose-envify
    resolution:
      integrity: sha512-lyuxPGr/Wfhrlem2CL/UcnUc1zcqKAImBDzukY7Y5F/yQiNdko6+fRLevlw1HgMySw7f611UIY408EtxRSoK3Q==
      registry: https://node.bit.dev/
      tarball: https://registry.npmjs.org/loose-envify/-/loose-envify-1.4.0.tgz
    version: 1.4.0
  registry.npmjs.org/object-assign/4.1.1:
    dev: false
    engines:
      node: '>=0.10.0'
    name: object-assign
    resolution:
      integrity: sha1-IQmtx5ZYh8/AXLvUQsrIv7s2CGM=
      registry: https://node.bit.dev/
      tarball: https://registry.npmjs.org/object-assign/-/object-assign-4.1.1.tgz
    version: 4.1.1
  registry.npmjs.org/prop-types/15.7.2:
    dependencies:
      loose-envify: registry.npmjs.org/loose-envify/1.4.0
      object-assign: registry.npmjs.org/object-assign/4.1.1
      react-is: registry.npmjs.org/react-is/16.13.1
    dev: false
    name: prop-types
    resolution:
      integrity: sha512-8QQikdH7//R2vurIJSutZ1smHYTcLpRWEOlHnzcWHmBYrOGUysKwSsrC89BCiFj3CbrfJ/nXFdJepOVrY1GCHQ==
      registry: https://node.bit.dev/
      tarball: https://registry.npmjs.org/prop-types/-/prop-types-15.7.2.tgz
    version: 15.7.2
  registry.npmjs.org/react-dom/16.13.1_react@16.13.1:
    dependencies:
      loose-envify: registry.npmjs.org/loose-envify/1.4.0
      object-assign: registry.npmjs.org/object-assign/4.1.1
      prop-types: registry.npmjs.org/prop-types/15.7.2
      react: registry.npmjs.org/react/16.13.1
      scheduler: registry.npmjs.org/scheduler/0.19.1
    dev: false
    id: registry.npmjs.org/react-dom/16.13.1
    name: react-dom
    peerDependencies:
      react: ^16.13.1
    resolution:
      integrity: sha512-81PIMmVLnCNLO/fFOQxdQkvEq/+Hfpv24XNJfpyZhTRfO0QcmQIF/PgCa1zCOj2w1hrn12MFLyaJ/G0+Mxtfag==
      registry: https://node.bit.dev/
      tarball: https://registry.npmjs.org/react-dom/-/react-dom-16.13.1.tgz
    version: 16.13.1
  registry.npmjs.org/react-is/16.13.1:
    dev: false
    name: react-is
    resolution:
      integrity: sha512-24e6ynE2H+OKt4kqsOvNd8kBpV65zoxbA4BVsEOB3ARVWQki/DHzaUoC5KuON/BiccDaCCTZBuOcfZs70kR8bQ==
      registry: https://node.bit.dev/
      tarball: https://registry.npmjs.org/react-is/-/react-is-16.13.1.tgz
    version: 16.13.1
  registry.npmjs.org/react/16.13.1:
    dependencies:
      loose-envify: registry.npmjs.org/loose-envify/1.4.0
      object-assign: registry.npmjs.org/object-assign/4.1.1
      prop-types: registry.npmjs.org/prop-types/15.7.2
    dev: false
    engines:
      node: '>=0.10.0'
    name: react
    resolution:
      integrity: sha512-YMZQQq32xHLX0bz5Mnibv1/LHb3Sqzngu7xstSM+vrkE5Kzr9xE0yMByK5kMoTK30YVJE61WfbxIFFvfeDKT1w==
      registry: https://node.bit.dev/
      tarball: https://registry.npmjs.org/react/-/react-16.13.1.tgz
    version: 16.13.1
  registry.npmjs.org/scheduler/0.19.1:
    dependencies:
      loose-envify: registry.npmjs.org/loose-envify/1.4.0
      object-assign: registry.npmjs.org/object-assign/4.1.1
    dev: false
    name: scheduler
    resolution:
      integrity: sha512-n/zwRWRYSUj0/3g/otKDRPMh6qv2SYMWNq85IEa8iZyAv8od9zDYpGSnpBEjNgcMNq6Scbu5KfIPxNF72R/2EA==
      registry: https://node.bit.dev/
      tarball: https://registry.npmjs.org/scheduler/-/scheduler-0.19.1.tgz
    version: 0.19.1
specifiers:
  classnames: 2.3.1
  react: 16.13.1
  react-dom: 16.13.1
